
Microsoft Visual Studio Solution File, Format Version 12.00
# Visual Studio 15
VisualStudioVersion = 15.0.27703.2026
MinimumVisualStudioVersion = 10.0.40219.1
Project("{FAE04EC0-301F-11D3-BF4B-00C04F79EFBC}") = "SmokeBallAssignment", "SmokeBallAssignment\SmokeBallAssignment.csproj", "{F2530130-F123-4CCA-9DB6-BBF161540D51}"
EndProject
Project("{FAE04EC0-301F-11D3-BF4B-00C04F79EFBC}") = "SmokeBallAssignmentTest", "SmokeBallAssignmentTest\SmokeBallAssignmentTest.csproj", "{B6C73371-1177-463A-A944-B320B3059692}"
EndProject
Project("{FAE04EC0-301F-11D3-BF4B-00C04F79EFBC}") = "SEORanker", "SEORanker\SEORanker.csproj", "{E0EE3EB3-0F53-44A3-B8F4-C6ED1A1144EF}"
EndProject
Global
	GlobalSection(SolutionConfigurationPlatforms) = preSolution
		Debug|Any CPU = Debug|Any CPU
		Release|Any CPU = Release|Any CPU
	EndGlobalSection
	GlobalSection(ProjectConfigurationPlatforms) = postSolution
		{F2530130-F123-4CCA-9DB6-BBF161540D51}.Debug|Any CPU.ActiveCfg = Debug|Any CPU
		{F2530130-F123-4CCA-9DB6-BBF161540D51}.Debug|Any CPU.Build.0 = Debug|Any CPU
		{F2530130-F123-4CCA-9DB6-BBF161540D51}.Release|Any CPU.ActiveCfg = Release|Any CPU
		{F2530130-F123-4CCA-9DB6-BBF161540D51}.Release|Any CPU.Build.0 = Release|Any CPU
		{B6C73371-1177-463A-A944-B320B3059692}.Debug|Any CPU.ActiveCfg = Debug|Any CPU
		{B6C73371-1177-463A-A944-B320B3059692}.Debug|Any CPU.Build.0 = Debug|Any CPU
		{B6C73371-1177-463A-A944-B320B3059692}.Release|Any CPU.ActiveCfg = Release|Any CPU
		{B6C73371-1177-463A-A944-B320B3059692}.Release|Any CPU.Build.0 = Release|Any CPU
		{E0EE3EB3-0F53-44A3-B8F4-C6ED1A1144EF}.Debug|Any CPU.ActiveCfg = Debug|Any CPU
		{E0EE3EB3-0F53-44A3-B8F4-C6ED1A1144EF}.Debug|Any CPU.Build.0 = Debug|Any CPU
		{E0EE3EB3-0F53-44A3-B8F4-C6ED1A1144EF}.Release|Any CPU.ActiveCfg = Release|Any CPU
		{E0EE3EB3-0F53-44A3-B8F4-C6ED1A1144EF}.Release|Any CPU.Build.0 = Release|Any CPU
	EndGlobalSection
	GlobalSection(SolutionProperties) = preSolution
		HideSolutionNode = FALSE
	EndGlobalSection
	GlobalSection(ExtensibilityGlobals) = postSolution
		SolutionGuid = {6E871F5A-38B5-45E6-9839-1EAC0969F576}
	EndGlobalSection
EndGlobal
